// !$*UTF8*$!
{
	archiveVersion = 1;
	classes = {
	};
	objectVersion = 77;
	objects = {

/* Begin PBXBuildFile section */
		863114562DEE361F00A063B7 /* Accessibility.framework in Frameworks */ = {isa = PBXBuildFile; fileRef = 863114552DEE361E00A063B7 /* Accessibility.framework */; };
		864A20672DF5E849009F0E9B /* model_quantized.onnx in Resources */ = {isa = PBXBuildFile; fileRef = 864A20642DF5E849009F0E9B /* model_quantized.onnx */; };
		864A20682DF5E849009F0E9B /* tokenizer_config.json in Resources */ = {isa = PBXBuildFile; fileRef = 864A20662DF5E849009F0E9B /* tokenizer_config.json */; };
		864A20692DF5E849009F0E9B /* config.json in Resources */ = {isa = PBXBuildFile; fileRef = 864A20632DF5E849009F0E9B /* config.json */; };
		864A206A2DF5E849009F0E9B /* tokenizer.json in Resources */ = {isa = PBXBuildFile; fileRef = 864A20652DF5E849009F0E9B /* tokenizer.json */; };
		864A206C2DF5E9EC009F0E9B /* libonnxruntime.1.22.0.dylib in Copy Files */ = {isa = PBXBuildFile; fileRef = 867494E62DF55F1A004CE7C4 /* libonnxruntime.1.22.0.dylib */; settings = {ATTRIBUTES = (CodeSignOnCopy, ); }; };
		864A20712DF5F075009F0E9B /* OrtWrapper.c in Sources */ = {isa = PBXBuildFile; fileRef = 864A20702DF5F075009F0E9B /* OrtWrapper.c */; };
		864A20862DF6947C009F0E9B /* kokoro_tokenizer.spec in Resources */ = {isa = PBXBuildFile; fileRef = 864A20852DF69469009F0E9B /* kokoro_tokenizer.spec */; };
		864A208A2DF69B89009F0E9B /* vocab.txt in Resources */ = {isa = PBXBuildFile; fileRef = 864A20892DF69B89009F0E9B /* vocab.txt */; };
		864A208C2DF6A241009F0E9B /* kokoro_tokenizer in Resources */ = {isa = PBXBuildFile; fileRef = 864A208B2DF6A241009F0E9B /* kokoro_tokenizer */; };
		867494E82DF55F1A004CE7C4 /* libonnxruntime.1.22.0.dylib in Frameworks */ = {isa = PBXBuildFile; fileRef = 867494E62DF55F1A004CE7C4 /* libonnxruntime.1.22.0.dylib */; };
		869E21962DEE31C800FB51A5 /* ApplicationServices.framework in Frameworks */ = {isa = PBXBuildFile; fileRef = 869E21932DEE317100FB51A5 /* ApplicationServices.framework */; };
/* End PBXBuildFile section */

/* Begin PBXCopyFilesBuildPhase section */
		864A206B2DF5E9CE009F0E9B /* Copy Files */ = {
			isa = PBXCopyFilesBuildPhase;
			buildActionMask = 2147483647;
			dstPath = "";
			dstSubfolderSpec = 10;
			files = (
				864A206C2DF5E9EC009F0E9B /* libonnxruntime.1.22.0.dylib in Copy Files */,
			);
			name = "Copy Files";
			runOnlyForDeploymentPostprocessing = 0;
		};
/* End PBXCopyFilesBuildPhase section */

/* Begin PBXFileReference section */
		863114552DEE361E00A063B7 /* Accessibility.framework */ = {isa = PBXFileReference; lastKnownFileType = wrapper.framework; name = Accessibility.framework; path = System/Library/Frameworks/Accessibility.framework; sourceTree = SDKROOT; };
		864A20632DF5E849009F0E9B /* config.json */ = {isa = PBXFileReference; lastKnownFileType = text.json; path = config.json; sourceTree = "<group>"; };
		864A20642DF5E849009F0E9B /* model_quantized.onnx */ = {isa = PBXFileReference; lastKnownFileType = file; path = model_quantized.onnx; sourceTree = "<group>"; };
		864A20652DF5E849009F0E9B /* tokenizer.json */ = {isa = PBXFileReference; lastKnownFileType = text.json; path = tokenizer.json; sourceTree = "<group>"; };
		864A20662DF5E849009F0E9B /* tokenizer_config.json */ = {isa = PBXFileReference; lastKnownFileType = text.json; path = tokenizer_config.json; sourceTree = "<group>"; };
		864A20702DF5F075009F0E9B /* OrtWrapper.c */ = {isa = PBXFileReference; lastKnownFileType = sourcecode.c.c; path = OrtWrapper.c; sourceTree = "<group>"; };
		864A20852DF69469009F0E9B /* kokoro_tokenizer.spec */ = {isa = PBXFileReference; lastKnownFileType = text; path = kokoro_tokenizer.spec; sourceTree = "<group>"; };
		864A20892DF69B89009F0E9B /* vocab.txt */ = {isa = PBXFileReference; lastKnownFileType = text; path = vocab.txt; sourceTree = "<group>"; };
		864A208B2DF6A241009F0E9B /* kokoro_tokenizer */ = {isa = PBXFileReference; lastKnownFileType = "compiled.mach-o.executable"; name = kokoro_tokenizer; path = dist/kokoro_tokenizer; sourceTree = "<group>"; };
		867494E62DF55F1A004CE7C4 /* libonnxruntime.1.22.0.dylib */ = {isa = PBXFileReference; lastKnownFileType = "compiled.mach-o.dylib"; path = libonnxruntime.1.22.0.dylib; sourceTree = "<group>"; };
		867494E72DF55F1A004CE7C4 /* onnxruntime_c_api.h */ = {isa = PBXFileReference; lastKnownFileType = sourcecode.c.h; path = onnxruntime_c_api.h; sourceTree = "<group>"; };
		867C5A962DEA61140023C6DB /* BetterTTS.app */ = {isa = PBXFileReference; explicitFileType = wrapper.application; includeInIndex = 0; path = BetterTTS.app; sourceTree = BUILT_PRODUCTS_DIR; };
		869E21932DEE317100FB51A5 /* ApplicationServices.framework */ = {isa = PBXFileReference; lastKnownFileType = wrapper.framework; name = ApplicationServices.framework; path = System/Library/Frameworks/ApplicationServices.framework; sourceTree = SDKROOT; };
/* End PBXFileReference section */

/* Begin PBXFileSystemSynchronizedRootGroup section */
		867C5A982DEA61140023C6DB /* BetterTTS */ = {
			isa = PBXFileSystemSynchronizedRootGroup;
			path = BetterTTS;
			sourceTree = "<group>";
		};
/* End PBXFileSystemSynchronizedRootGroup section */

/* Begin PBXFrameworksBuildPhase section */
		867C5A932DEA61140023C6DB /* Frameworks */ = {
			isa = PBXFrameworksBuildPhase;
			buildActionMask = 2147483647;
			files = (
				863114562DEE361F00A063B7 /* Accessibility.framework in Frameworks */,
				867494E82DF55F1A004CE7C4 /* libonnxruntime.1.22.0.dylib in Frameworks */,
				869E21962DEE31C800FB51A5 /* ApplicationServices.framework in Frameworks */,
			);
			runOnlyForDeploymentPostprocessing = 0;
		};
/* End PBXFrameworksBuildPhase section */

/* Begin PBXGroup section */
		867C5A8D2DEA61140023C6DB = {
			isa = PBXGroup;
			children = (
				864A208B2DF6A241009F0E9B /* kokoro_tokenizer */,
				864A20892DF69B89009F0E9B /* vocab.txt */,
				864A20852DF69469009F0E9B /* kokoro_tokenizer.spec */,
				864A20702DF5F075009F0E9B /* OrtWrapper.c */,
				864A20632DF5E849009F0E9B /* config.json */,
				864A20642DF5E849009F0E9B /* model_quantized.onnx */,
				864A20652DF5E849009F0E9B /* tokenizer.json */,
				864A20662DF5E849009F0E9B /* tokenizer_config.json */,
				867494E62DF55F1A004CE7C4 /* libonnxruntime.1.22.0.dylib */,
				867494E72DF55F1A004CE7C4 /* onnxruntime_c_api.h */,
				867C5A982DEA61140023C6DB /* BetterTTS */,
				869E21922DEE317100FB51A5 /* Frameworks */,
				867C5A972DEA61140023C6DB /* Products */,
			);
			sourceTree = "<group>";
		};
		867C5A972DEA61140023C6DB /* Products */ = {
			isa = PBXGroup;
			children = (
				867C5A962DEA61140023C6DB /* BetterTTS.app */,
			);
			name = Products;
			sourceTree = "<group>";
		};
		869E21922DEE317100FB51A5 /* Frameworks */ = {
			isa = PBXGroup;
			children = (
				863114552DEE361E00A063B7 /* Accessibility.framework */,
				869E21932DEE317100FB51A5 /* ApplicationServices.framework */,
			);
			name = Frameworks;
			sourceTree = "<group>";
		};
/* End PBXGroup section */

/* Begin PBXNativeTarget section */
		867C5A952DEA61140023C6DB /* BetterTTS */ = {
			isa = PBXNativeTarget;
			buildConfigurationList = 867C5AA22DEA61160023C6DB /* Build configuration list for PBXNativeTarget "BetterTTS" */;
			buildPhases = (
				867C5A922DEA61140023C6DB /* Sources */,
				867C5A932DEA61140023C6DB /* Frameworks */,
				867C5A942DEA61140023C6DB /* Resources */,
				864A20782DF66E41009F0E9B /* Copy Tokenizer Binary */,
				864A206B2DF5E9CE009F0E9B /* Copy Files */,
			);
			buildRules = (
			);
			dependencies = (
			);
			fileSystemSynchronizedGroups = (
				867C5A982DEA61140023C6DB /* BetterTTS */,
			);
			name = BetterTTS;
			packageProductDependencies = (
			);
			productName = BetterTTS;
			productReference = 867C5A962DEA61140023C6DB /* BetterTTS.app */;
			productType = "com.apple.product-type.application";
		};
/* End PBXNativeTarget section */

/* Begin PBXProject section */
		867C5A8E2DEA61140023C6DB /* Project object */ = {
			isa = PBXProject;
			attributes = {
				BuildIndependentTargetsInParallel = 1;
				LastSwiftUpdateCheck = 1640;
				LastUpgradeCheck = 1640;
				TargetAttributes = {
					867C5A952DEA61140023C6DB = {
						CreatedOnToolsVersion = 16.4;
					};
				};
			};
			buildConfigurationList = 867C5A912DEA61140023C6DB /* Build configuration list for PBXProject "BetterTTS" */;
			developmentRegion = en;
			hasScannedForEncodings = 0;
			knownRegions = (
				en,
				Base,
			);
			mainGroup = 867C5A8D2DEA61140023C6DB;
			minimizedProjectReferenceProxies = 1;
			preferredProjectObjectVersion = 77;
			productRefGroup = 867C5A972DEA61140023C6DB /* Products */;
			projectDirPath = "";
			projectRoot = "";
			targets = (
				867C5A952DEA61140023C6DB /* BetterTTS */,
			);
		};
/* End PBXProject section */

/* Begin PBXResourcesBuildPhase section */
		867C5A942DEA61140023C6DB /* Resources */ = {
			isa = PBXResourcesBuildPhase;
			buildActionMask = 2147483647;
			files = (
				864A208C2DF6A241009F0E9B /* kokoro_tokenizer in Resources */,
				864A208A2DF69B89009F0E9B /* vocab.txt in Resources */,
				864A20672DF5E849009F0E9B /* model_quantized.onnx in Resources */,
				864A20682DF5E849009F0E9B /* tokenizer_config.json in Resources */,
				864A20692DF5E849009F0E9B /* config.json in Resources */,
				864A20862DF6947C009F0E9B /* kokoro_tokenizer.spec in Resources */,
				864A206A2DF5E849009F0E9B /* tokenizer.json in Resources */,
			);
			runOnlyForDeploymentPostprocessing = 0;
		};
/* End PBXResourcesBuildPhase section */

/* Begin PBXShellScriptBuildPhase section */
		864A20782DF66E41009F0E9B /* Copy Tokenizer Binary */ = {
			isa = PBXShellScriptBuildPhase;
			buildActionMask = 2147483647;
			files = (
			);
			inputFileListPaths = (
			);
			inputPaths = (
			);
			name = "Copy Tokenizer Binary";
			outputFileListPaths = (
			);
			outputPaths = (
			);
			runOnlyForDeploymentPostprocessing = 0;
			shellPath = /bin/sh;
			shellScript = "# Path to built tokenizer\nTOKENIZER_SRC=\"$SRCROOT/../dist/kokoro_tokenizer\"\n\n# Destination: inside app bundle Resources\nTOKENIZER_DST=\"${BUILT_PRODUCTS_DIR}/${PRODUCT_NAME}.app/Contents/Resources/kokoro_tokenizer\"\n\n# Copy it only if it exists\nif [ -f \"$TOKENIZER_SRC\" ]; then\n  cp \"$TOKENIZER_SRC\" \"$TOKENIZER_DST\"\n  chmod +x \"$TOKENIZER_DST\"\n  echo \"✅ Copied kokoro_tokenizer to Resources\"\nelse\n  echo \"⚠️ Tokenizer binary not found at $TOKENIZER_SRC\"\nfi\n";
		};
/* End PBXShellScriptBuildPhase section */

/* Begin PBXSourcesBuildPhase section */
		867C5A922DEA61140023C6DB /* Sources */ = {
			isa = PBXSourcesBuildPhase;
			buildActionMask = 2147483647;
			files = (
				864A20712DF5F075009F0E9B /* OrtWrapper.c in Sources */,
			);
			runOnlyForDeploymentPostprocessing = 0;
		};
/* End PBXSourcesBuildPhase section */

/* Begin XCBuildConfiguration section */
		867C5AA02DEA61160023C6DB /* Debug */ = {
			isa = XCBuildConfiguration;
			buildSettings = {
				ALWAYS_SEARCH_USER_PATHS = NO;
				ASSETCATALOG_COMPILER_GENERATE_SWIFT_ASSET_SYMBOL_EXTENSIONS = YES;
				CLANG_ANALYZER_NONNULL = YES;
				CLANG_ANALYZER_NUMBER_OBJECT_CONVERSION = YES_AGGRESSIVE;
				CLANG_CXX_LANGUAGE_STANDARD = "gnu++20";
				CLANG_ENABLE_MODULES = YES;
				CLANG_ENABLE_OBJC_ARC = YES;
				CLANG_ENABLE_OBJC_WEAK = YES;
				CLANG_WARN_BLOCK_CAPTURE_AUTORELEASING = YES;
				CLANG_WARN_BOOL_CONVERSION = YES;
				CLANG_WARN_COMMA = YES;
				CLANG_WARN_CONSTANT_CONVERSION = YES;
				CLANG_WARN_DEPRECATED_OBJC_IMPLEMENTATIONS = YES;
				CLANG_WARN_DIRECT_OBJC_ISA_USAGE = YES_ERROR;
				CLANG_WARN_DOCUMENTATION_COMMENTS = YES;
				CLANG_WARN_EMPTY_BODY = YES;
				CLANG_WARN_ENUM_CONVERSION = YES;
				CLANG_WARN_INFINITE_RECURSION = YES;
				CLANG_WARN_INT_CONVERSION = YES;
				CLANG_WARN_NON_LITERAL_NULL_CONVERSION = YES;
				CLANG_WARN_OBJC_IMPLICIT_RETAIN_SELF = YES;
				CLANG_WARN_OBJC_LITERAL_CONVERSION = YES;
				CLANG_WARN_OBJC_ROOT_CLASS = YES_ERROR;
				CLANG_WARN_QUOTED_INCLUDE_IN_FRAMEWORK_HEADER = YES;
				CLANG_WARN_RANGE_LOOP_ANALYSIS = YES;
				CLANG_WARN_STRICT_PROTOTYPES = YES;
				CLANG_WARN_SUSPICIOUS_MOVE = YES;
				CLANG_WARN_UNGUARDED_AVAILABILITY = YES_AGGRESSIVE;
				CLANG_WARN_UNREACHABLE_CODE = YES;
				CLANG_WARN__DUPLICATE_METHOD_MATCH = YES;
				COPY_PHASE_STRIP = NO;
				DEBUG_INFORMATION_FORMAT = dwarf;
				DEVELOPMENT_TEAM = WYBC9G767Z;
				ENABLE_STRICT_OBJC_MSGSEND = YES;
				ENABLE_TESTABILITY = YES;
				ENABLE_USER_SCRIPT_SANDBOXING = YES;
				GCC_C_LANGUAGE_STANDARD = gnu17;
				GCC_DYNAMIC_NO_PIC = NO;
				GCC_NO_COMMON_BLOCKS = YES;
				GCC_OPTIMIZATION_LEVEL = 0;
				GCC_PREPROCESSOR_DEFINITIONS = (
					"DEBUG=1",
					"$(inherited)",
				);
				GCC_WARN_64_TO_32_BIT_CONVERSION = YES;
				GCC_WARN_ABOUT_RETURN_TYPE = YES_ERROR;
				GCC_WARN_UNDECLARED_SELECTOR = YES;
				GCC_WARN_UNINITIALIZED_AUTOS = YES_AGGRESSIVE;
				GCC_WARN_UNUSED_FUNCTION = YES;
				GCC_WARN_UNUSED_VARIABLE = YES;
				LOCALIZATION_PREFERS_STRING_CATALOGS = YES;
				MACOSX_DEPLOYMENT_TARGET = 15.5;
				MTL_ENABLE_DEBUG_INFO = INCLUDE_SOURCE;
				MTL_FAST_MATH = YES;
				ONLY_ACTIVE_ARCH = YES;
				SDKROOT = macosx;
				SWIFT_ACTIVE_COMPILATION_CONDITIONS = "DEBUG $(inherited)";
				SWIFT_OPTIMIZATION_LEVEL = "-Onone";
			};
			name = Debug;
		};
		867C5AA12DEA61160023C6DB /* Release */ = {
			isa = XCBuildConfiguration;
			buildSettings = {
				ALWAYS_SEARCH_USER_PATHS = NO;
				ASSETCATALOG_COMPILER_GENERATE_SWIFT_ASSET_SYMBOL_EXTENSIONS = YES;
				CLANG_ANALYZER_NONNULL = YES;
				CLANG_ANALYZER_NUMBER_OBJECT_CONVERSION = YES_AGGRESSIVE;
				CLANG_CXX_LANGUAGE_STANDARD = "gnu++20";
				CLANG_ENABLE_MODULES = YES;
				CLANG_ENABLE_OBJC_ARC = YES;
				CLANG_ENABLE_OBJC_WEAK = YES;
				CLANG_WARN_BLOCK_CAPTURE_AUTORELEASING = YES;
				CLANG_WARN_BOOL_CONVERSION = YES;
				CLANG_WARN_COMMA = YES;
				CLANG_WARN_CONSTANT_CONVERSION = YES;
				CLANG_WARN_DEPRECATED_OBJC_IMPLEMENTATIONS = YES;
				CLANG_WARN_DIRECT_OBJC_ISA_USAGE = YES_ERROR;
				CLANG_WARN_DOCUMENTATION_COMMENTS = YES;
				CLANG_WARN_EMPTY_BODY = YES;
				CLANG_WARN_ENUM_CONVERSION = YES;
				CLANG_WARN_INFINITE_RECURSION = YES;
				CLANG_WARN_INT_CONVERSION = YES;
				CLANG_WARN_NON_LITERAL_NULL_CONVERSION = YES;
				CLANG_WARN_OBJC_IMPLICIT_RETAIN_SELF = YES;
				CLANG_WARN_OBJC_LITERAL_CONVERSION = YES;
				CLANG_WARN_OBJC_ROOT_CLASS = YES_ERROR;
				CLANG_WARN_QUOTED_INCLUDE_IN_FRAMEWORK_HEADER = YES;
				CLANG_WARN_RANGE_LOOP_ANALYSIS = YES;
				CLANG_WARN_STRICT_PROTOTYPES = YES;
				CLANG_WARN_SUSPICIOUS_MOVE = YES;
				CLANG_WARN_UNGUARDED_AVAILABILITY = YES_AGGRESSIVE;
				CLANG_WARN_UNREACHABLE_CODE = YES;
				CLANG_WARN__DUPLICATE_METHOD_MATCH = YES;
				COPY_PHASE_STRIP = NO;
				DEBUG_INFORMATION_FORMAT = "dwarf-with-dsym";
				DEVELOPMENT_TEAM = WYBC9G767Z;
				ENABLE_NS_ASSERTIONS = NO;
				ENABLE_STRICT_OBJC_MSGSEND = YES;
				ENABLE_USER_SCRIPT_SANDBOXING = YES;
				GCC_C_LANGUAGE_STANDARD = gnu17;
				GCC_NO_COMMON_BLOCKS = YES;
				GCC_WARN_64_TO_32_BIT_CONVERSION = YES;
				GCC_WARN_ABOUT_RETURN_TYPE = YES_ERROR;
				GCC_WARN_UNDECLARED_SELECTOR = YES;
				GCC_WARN_UNINITIALIZED_AUTOS = YES_AGGRESSIVE;
				GCC_WARN_UNUSED_FUNCTION = YES;
				GCC_WARN_UNUSED_VARIABLE = YES;
				LOCALIZATION_PREFERS_STRING_CATALOGS = YES;
				MACOSX_DEPLOYMENT_TARGET = 15.5;
				MTL_ENABLE_DEBUG_INFO = NO;
				MTL_FAST_MATH = YES;
				SDKROOT = macosx;
				SWIFT_COMPILATION_MODE = wholemodule;
			};
			name = Release;
		};
		867C5AA32DEA61160023C6DB /* Debug */ = {
			isa = XCBuildConfiguration;
			buildSettings = {
				ASSETCATALOG_COMPILER_APPICON_NAME = AppIcon;
				ASSETCATALOG_COMPILER_GLOBAL_ACCENT_COLOR_NAME = AccentColor;
				CODE_SIGN_ENTITLEMENTS = BetterTTS/BetterTTS.entitlements;
				CODE_SIGN_STYLE = Automatic;
				COMBINE_HIDPI_IMAGES = YES;
				CURRENT_PROJECT_VERSION = 1;
				DEVELOPMENT_TEAM = WYBC9G767Z;
				ENABLE_HARDENED_RUNTIME = YES;
				ENABLE_PREVIEWS = YES;
				GENERATE_INFOPLIST_FILE = YES;
				HEADER_SEARCH_PATHS = "$(PROJECT_DIR)/Frameworks/ONNXRuntime/**";
				INFOPLIST_KEY_NSHumanReadableCopyright = "";
				LD_RUNPATH_SEARCH_PATHS = (
					"$(inherited)",
					"@executable_path/../Frameworks",
				);
				LIBRARY_SEARCH_PATHS = "$(PROJECT_DIR)/Frameworks/ONNXRuntime";
				MACOSX_DEPLOYMENT_TARGET = 15.5;
				MARKETING_VERSION = 1.0;
				PRODUCT_BUNDLE_IDENTIFIER = com.BetterTTS;
				PRODUCT_NAME = "$(TARGET_NAME)";
				REGISTER_APP_GROUPS = YES;
				SWIFT_EMIT_LOC_STRINGS = YES;
				SWIFT_OBJC_BRIDGING_HEADER = "BetterTTS/BetterTTS-Bridging-Header.h";
				SWIFT_VERSION = 5.0;
			};
			name = Debug;
		};
		867C5AA42DEA61160023C6DB /* Release */ = {
			isa = XCBuildConfiguration;
			buildSettings = {
				ASSETCATALOG_COMPILER_APPICON_NAME = AppIcon;
				ASSETCATALOG_COMPILER_GLOBAL_ACCENT_COLOR_NAME = AccentColor;
				CODE_SIGN_ENTITLEMENTS = BetterTTS/BetterTTS.entitlements;
				CODE_SIGN_STYLE = Automatic;
				COMBINE_HIDPI_IMAGES = YES;
				CURRENT_PROJECT_VERSION = 1;
				DEVELOPMENT_TEAM = WYBC9G767Z;
				ENABLE_HARDENED_RUNTIME = YES;
				ENABLE_PREVIEWS = YES;
				GENERATE_INFOPLIST_FILE = YES;
				HEADER_SEARCH_PATHS = "$(PROJECT_DIR)/Frameworks/ONNXRuntime/**";
				INFOPLIST_KEY_NSHumanReadableCopyright = "";
				LD_RUNPATH_SEARCH_PATHS = (
					"$(inherited)",
					"@executable_path/../Frameworks",
				);
				LIBRARY_SEARCH_PATHS = "$(PROJECT_DIR)/Frameworks/ONNXRuntime";
				MACOSX_DEPLOYMENT_TARGET = 15.5;
				MARKETING_VERSION = 1.0;
				PRODUCT_BUNDLE_IDENTIFIER = com.BetterTTS;
				PRODUCT_NAME = "$(TARGET_NAME)";
				REGISTER_APP_GROUPS = YES;
				SWIFT_EMIT_LOC_STRINGS = YES;
				SWIFT_OBJC_BRIDGING_HEADER = "BetterTTS/BetterTTS-Bridging-Header.h";
				SWIFT_VERSION = 5.0;
			};
			name = Release;
		};
/* End XCBuildConfiguration section */

/* Begin XCConfigurationList section */
		867C5A912DEA61140023C6DB /* Build configuration list for PBXProject "BetterTTS" */ = {
			isa = XCConfigurationList;
			buildConfigurations = (
				867C5AA02DEA61160023C6DB /* Debug */,
				867C5AA12DEA61160023C6DB /* Release */,
			);
			defaultConfigurationIsVisible = 0;
			defaultConfigurationName = Release;
		};
		867C5AA22DEA61160023C6DB /* Build configuration list for PBXNativeTarget "BetterTTS" */ = {
			isa = XCConfigurationList;
			buildConfigurations = (
				867C5AA32DEA61160023C6DB /* Debug */,
				867C5AA42DEA61160023C6DB /* Release */,
			);
			defaultConfigurationIsVisible = 0;
			defaultConfigurationName = Release;
		};
/* End XCConfigurationList section */
	};
	rootObject = 867C5A8E2DEA61140023C6DB /* Project object */;
}
